{
  "name": "typescript",
  "lockfileVersion": 3,
  "requires": true,
  "packages": {
    "": {
      "dependencies": {
        "@hyperroute/sdk": "file:../../typescript"
      }
    },
    "../../typescript": {
      "name": "@hyperroute/sdk",
      "version": "0.1.0",
      "license": "MIT",
      "devDependencies": {
        "@types/node": "^22.0.0",
        "typescript": "~5.9.3"
      },
      "engines": {
        "node": ">=22"
      }
    },
    "node_modules/@hyperroute/sdk": {
      "resolved": "../../typescript",
      "link": true
    }
  }
}
